
Microsoft Visual Studio Solution File, Format Version 12.00
# Visual Studio 15
VisualStudioVersion = 15.0.28307.705
MinimumVisualStudioVersion = 10.0.40219.1
Project("{FAE04EC0-301F-11D3-BF4B-00C04F79EFBC}") = "SisVentas", "SisVentas\SisVentas.csproj", "{856F4741-52BE-4297-B203-78732CEC7077}"
EndProject
Project("{FAE04EC0-301F-11D3-BF4B-00C04F79EFBC}") = "CapaDatos", "CapaDatos\CapaDatos.csproj", "{62C2B7A1-CE72-40FF-99E4-D6B9DAB781B7}"
EndProject
Project("{FAE04EC0-301F-11D3-BF4B-00C04F79EFBC}") = "CapaNegocio", "CapaNegocio\CapaNegocio.csproj", "{5D295DE7-42CB-4F5E-945D-4125CCE58616}"
EndProject
Project("{FAE04EC0-301F-11D3-BF4B-00C04F79EFBC}") = "CapaPresentacion", "CapaPresentacion\CapaPresentacion.csproj", "{25259C3A-BC77-472A-8359-7F3EE71FDAAD}"
EndProject
Global
	GlobalSection(SolutionConfigurationPlatforms) = preSolution
		Debug|Any CPU = Debug|Any CPU
		Release|Any CPU = Release|Any CPU
	EndGlobalSection
	GlobalSection(ProjectConfigurationPlatforms) = postSolution
		{856F4741-52BE-4297-B203-78732CEC7077}.Debug|Any CPU.ActiveCfg = Debug|Any CPU
		{856F4741-52BE-4297-B203-78732CEC7077}.Debug|Any CPU.Build.0 = Debug|Any CPU
		{856F4741-52BE-4297-B203-78732CEC7077}.Release|Any CPU.ActiveCfg = Release|Any CPU
		{856F4741-52BE-4297-B203-78732CEC7077}.Release|Any CPU.Build.0 = Release|Any CPU
		{62C2B7A1-CE72-40FF-99E4-D6B9DAB781B7}.Debug|Any CPU.ActiveCfg = Debug|Any CPU
		{62C2B7A1-CE72-40FF-99E4-D6B9DAB781B7}.Debug|Any CPU.Build.0 = Debug|Any CPU
		{62C2B7A1-CE72-40FF-99E4-D6B9DAB781B7}.Release|Any CPU.ActiveCfg = Release|Any CPU
		{62C2B7A1-CE72-40FF-99E4-D6B9DAB781B7}.Release|Any CPU.Build.0 = Release|Any CPU
		{5D295DE7-42CB-4F5E-945D-4125CCE58616}.Debug|Any CPU.ActiveCfg = Debug|Any CPU
		{5D295DE7-42CB-4F5E-945D-4125CCE58616}.Debug|Any CPU.Build.0 = Debug|Any CPU
		{5D295DE7-42CB-4F5E-945D-4125CCE58616}.Release|Any CPU.ActiveCfg = Release|Any CPU
		{5D295DE7-42CB-4F5E-945D-4125CCE58616}.Release|Any CPU.Build.0 = Release|Any CPU
		{25259C3A-BC77-472A-8359-7F3EE71FDAAD}.Debug|Any CPU.ActiveCfg = Debug|Any CPU
		{25259C3A-BC77-472A-8359-7F3EE71FDAAD}.Debug|Any CPU.Build.0 = Debug|Any CPU
		{25259C3A-BC77-472A-8359-7F3EE71FDAAD}.Release|Any CPU.ActiveCfg = Release|Any CPU
		{25259C3A-BC77-472A-8359-7F3EE71FDAAD}.Release|Any CPU.Build.0 = Release|Any CPU
	EndGlobalSection
	GlobalSection(SolutionProperties) = preSolution
		HideSolutionNode = FALSE
	EndGlobalSection
	GlobalSection(ExtensibilityGlobals) = postSolution
		SolutionGuid = {D445FE53-7A93-44FA-8AE4-64D55D936E34}
	EndGlobalSection
EndGlobal
